// !$*UTF8*$!
{
	archiveVersion = 1;
	classes = {
	};
	objectVersion = 46;
	objects = {

/* Begin PBXBuildFile section */
		A51265EF1D9A3EEE00DCABA3 /* AppDelegate.swift in Sources */ = {isa = PBXBuildFile; fileRef = A51265EE1D9A3EEE00DCABA3 /* AppDelegate.swift */; };
		A51265F41D9A3EEE00DCABA3 /* Main.storyboard in Resources */ = {isa = PBXBuildFile; fileRef = A51265F21D9A3EEE00DCABA3 /* Main.storyboard */; };
		A51265F71D9A3EEE00DCABA3 /* ProImage.xcdatamodeld in Sources */ = {isa = PBXBuildFile; fileRef = A51265F51D9A3EEE00DCABA3 /* ProImage.xcdatamodeld */; };
		A51265F91D9A3EEE00DCABA3 /* Assets.xcassets in Resources */ = {isa = PBXBuildFile; fileRef = A51265F81D9A3EEE00DCABA3 /* Assets.xcassets */; };
		A5208E961DBD7CA00004706A /* GoogleDriveVC.swift in Sources */ = {isa = PBXBuildFile; fileRef = A5208E951DBD7CA00004706A /* GoogleDriveVC.swift */; };
		A522F8E41DBC0A5B00451229 /* LaunchScreen.storyboard in Resources */ = {isa = PBXBuildFile; fileRef = A522F8E31DBC0A5B00451229 /* LaunchScreen.storyboard */; };
		A522F8E81DBC0F0A00451229 /* ImageV.swift in Sources */ = {isa = PBXBuildFile; fileRef = A522F8E71DBC0F0A00451229 /* ImageV.swift */; };
		A522F8F01DBC52B900451229 /* FacebookVC.swift in Sources */ = {isa = PBXBuildFile; fileRef = A522F8EF1DBC52B900451229 /* FacebookVC.swift */; };
		A57A60421DA090B600CB27B8 /* ImageVC.swift in Sources */ = {isa = PBXBuildFile; fileRef = A57A60411DA090B600CB27B8 /* ImageVC.swift */; };
		A57A60471DA0A76700CB27B8 /* CameraVC.swift in Sources */ = {isa = PBXBuildFile; fileRef = A57A60461DA0A76700CB27B8 /* CameraVC.swift */; };
		A57A60491DA0A7B900CB27B8 /* PhtotoLibraryVC.swift in Sources */ = {isa = PBXBuildFile; fileRef = A57A60481DA0A7B900CB27B8 /* PhtotoLibraryVC.swift */; };
		A57A604B1DA0B78700CB27B8 /* PhotoLibraryVCsave.swift in Sources */ = {isa = PBXBuildFile; fileRef = A57A604A1DA0B78700CB27B8 /* PhotoLibraryVCsave.swift */; };
		A57A604D1DA0B7CA00CB27B8 /* ChooseLocationVC.swift in Sources */ = {isa = PBXBuildFile; fileRef = A57A604C1DA0B7CA00CB27B8 /* ChooseLocationVC.swift */; };
		A5EFBF3E1D9BA53C00EFE894 /* ProImageUITests.swift in Sources */ = {isa = PBXBuildFile; fileRef = A5EFBF3D1D9BA53C00EFE894 /* ProImageUITests.swift */; };
		A5EFBF4C1D9BA54700EFE894 /* ProImageTests.swift in Sources */ = {isa = PBXBuildFile; fileRef = A5EFBF4B1D9BA54700EFE894 /* ProImageTests.swift */; };
		CE01E53C1DD7A37B00CE386E /* WebVC.swift in Sources */ = {isa = PBXBuildFile; fileRef = CE01E53B1DD7A37B00CE386E /* WebVC.swift */; };
		CE2F685C1DD7D80900983556 /* Bolts.framework in Frameworks */ = {isa = PBXBuildFile; fileRef = A522F9041DBC78FA00451229 /* Bolts.framework */; };
		CE2F685D1DD7D80900983556 /* Bolts.framework in Embed Frameworks */ = {isa = PBXBuildFile; fileRef = A522F9041DBC78FA00451229 /* Bolts.framework */; settings = {ATTRIBUTES = (CodeSignOnCopy, RemoveHeadersOnCopy, ); }; };
		CE2F685E1DD7D80900983556 /* FBSDKCoreKit.framework in Frameworks */ = {isa = PBXBuildFile; fileRef = A522F8E91DBC520300451229 /* FBSDKCoreKit.framework */; };
		CE2F685F1DD7D80900983556 /* FBSDKCoreKit.framework in Embed Frameworks */ = {isa = PBXBuildFile; fileRef = A522F8E91DBC520300451229 /* FBSDKCoreKit.framework */; settings = {ATTRIBUTES = (CodeSignOnCopy, RemoveHeadersOnCopy, ); }; };
		CE2F68601DD7D80900983556 /* FBSDKLoginKit.framework in Frameworks */ = {isa = PBXBuildFile; fileRef = A522F8EA1DBC520400451229 /* FBSDKLoginKit.framework */; };
		CE2F68611DD7D80900983556 /* FBSDKLoginKit.framework in Embed Frameworks */ = {isa = PBXBuildFile; fileRef = A522F8EA1DBC520400451229 /* FBSDKLoginKit.framework */; settings = {ATTRIBUTES = (CodeSignOnCopy, RemoveHeadersOnCopy, ); }; };
		CE2F68621DD7D80900983556 /* FBSDKShareKit.framework in Frameworks */ = {isa = PBXBuildFile; fileRef = A522F8EB1DBC520400451229 /* FBSDKShareKit.framework */; };
		CE2F68631DD7D80900983556 /* FBSDKShareKit.framework in Embed Frameworks */ = {isa = PBXBuildFile; fileRef = A522F8EB1DBC520400451229 /* FBSDKShareKit.framework */; settings = {ATTRIBUTES = (CodeSignOnCopy, RemoveHeadersOnCopy, ); }; };
		CE2F68651DD7D81300983556 /* Pods_ProImage.framework in Frameworks */ = {isa = PBXBuildFile; fileRef = 9ABCF39196E4FD1CBDF5CAC2 /* Pods_ProImage.framework */; };
		CE2F68661DD7D81300983556 /* Pods_ProImage.framework in Embed Frameworks */ = {isa = PBXBuildFile; fileRef = 9ABCF39196E4FD1CBDF5CAC2 /* Pods_ProImage.framework */; settings = {ATTRIBUTES = (CodeSignOnCopy, RemoveHeadersOnCopy, ); }; };
/* End PBXBuildFile section */

/* Begin PBXContainerItemProxy section */
		A5EFBF401D9BA53C00EFE894 /* PBXContainerItemProxy */ = {
			isa = PBXContainerItemProxy;
			containerPortal = A51265E31D9A3EED00DCABA3 /* Project object */;
			proxyType = 1;
			remoteGlobalIDString = A51265EA1D9A3EED00DCABA3;
			remoteInfo = ProImage;
		};
		A5EFBF4E1D9BA54700EFE894 /* PBXContainerItemProxy */ = {
			isa = PBXContainerItemProxy;
			containerPortal = A51265E31D9A3EED00DCABA3 /* Project object */;
			proxyType = 1;
			remoteGlobalIDString = A51265EA1D9A3EED00DCABA3;
			remoteInfo = ProImage;
		};
/* End PBXContainerItemProxy section */

/* Begin PBXCopyFilesBuildPhase section */
		CE2F68641DD7D80900983556 /* Embed Frameworks */ = {
			isa = PBXCopyFilesBuildPhase;
			buildActionMask = 2147483647;
			dstPath = "";
			dstSubfolderSpec = 10;
			files = (
				CE2F68631DD7D80900983556 /* FBSDKShareKit.framework in Embed Frameworks */,
				CE2F685D1DD7D80900983556 /* Bolts.framework in Embed Frameworks */,
				CE2F68661DD7D81300983556 /* Pods_ProImage.framework in Embed Frameworks */,
				CE2F685F1DD7D80900983556 /* FBSDKCoreKit.framework in Embed Frameworks */,
				CE2F68611DD7D80900983556 /* FBSDKLoginKit.framework in Embed Frameworks */,
			);
			name = "Embed Frameworks";
			runOnlyForDeploymentPostprocessing = 0;
		};
/* End PBXCopyFilesBuildPhase section */

/* Begin PBXFileReference section */
		1A866E227B76ED6B1FC419F6 /* Pods-ProImage.debug.xcconfig */ = {isa = PBXFileReference; includeInIndex = 1; lastKnownFileType = text.xcconfig; name = "Pods-ProImage.debug.xcconfig"; path = "Pods/Target Support Files/Pods-ProImage/Pods-ProImage.debug.xcconfig"; sourceTree = "<group>"; };
		75DE15F113928E28F80C6153 /* Pods-ProImage.release.xcconfig */ = {isa = PBXFileReference; includeInIndex = 1; lastKnownFileType = text.xcconfig; name = "Pods-ProImage.release.xcconfig"; path = "Pods/Target Support Files/Pods-ProImage/Pods-ProImage.release.xcconfig"; sourceTree = "<group>"; };
		9ABCF39196E4FD1CBDF5CAC2 /* Pods_ProImage.framework */ = {isa = PBXFileReference; explicitFileType = wrapper.framework; includeInIndex = 0; path = Pods_ProImage.framework; sourceTree = BUILT_PRODUCTS_DIR; };
		A51265EB1D9A3EEE00DCABA3 /* ProImage.app */ = {isa = PBXFileReference; explicitFileType = wrapper.application; includeInIndex = 0; path = ProImage.app; sourceTree = BUILT_PRODUCTS_DIR; };
		A51265EE1D9A3EEE00DCABA3 /* AppDelegate.swift */ = {isa = PBXFileReference; lastKnownFileType = sourcecode.swift; path = AppDelegate.swift; sourceTree = "<group>"; };
		A51265F31D9A3EEE00DCABA3 /* Base */ = {isa = PBXFileReference; lastKnownFileType = file.storyboard; name = Base; path = Base.lproj/Main.storyboard; sourceTree = "<group>"; };
		A51265F61D9A3EEE00DCABA3 /* ProImage.xcdatamodel */ = {isa = PBXFileReference; lastKnownFileType = wrapper.xcdatamodel; path = ProImage.xcdatamodel; sourceTree = "<group>"; };
		A51265F81D9A3EEE00DCABA3 /* Assets.xcassets */ = {isa = PBXFileReference; lastKnownFileType = folder.assetcatalog; path = Assets.xcassets; sourceTree = "<group>"; };
		A51265FD1D9A3EEE00DCABA3 /* Info.plist */ = {isa = PBXFileReference; lastKnownFileType = text.plist.xml; path = Info.plist; sourceTree = "<group>"; };
		A5208E951DBD7CA00004706A /* GoogleDriveVC.swift */ = {isa = PBXFileReference; fileEncoding = 4; lastKnownFileType = sourcecode.swift; path = GoogleDriveVC.swift; sourceTree = "<group>"; };
		A522F8E31DBC0A5B00451229 /* LaunchScreen.storyboard */ = {isa = PBXFileReference; fileEncoding = 4; lastKnownFileType = file.storyboard; name = LaunchScreen.storyboard; path = ../LaunchScreen.storyboard; sourceTree = "<group>"; };
		A522F8E71DBC0F0A00451229 /* ImageV.swift */ = {isa = PBXFileReference; fileEncoding = 4; lastKnownFileType = sourcecode.swift; path = ImageV.swift; sourceTree = "<group>"; };
		A522F8E91DBC520300451229 /* FBSDKCoreKit.framework */ = {isa = PBXFileReference; lastKnownFileType = wrapper.framework; path = FBSDKCoreKit.framework; sourceTree = "<group>"; };
		A522F8EA1DBC520400451229 /* FBSDKLoginKit.framework */ = {isa = PBXFileReference; lastKnownFileType = wrapper.framework; path = FBSDKLoginKit.framework; sourceTree = "<group>"; };
		A522F8EB1DBC520400451229 /* FBSDKShareKit.framework */ = {isa = PBXFileReference; lastKnownFileType = wrapper.framework; path = FBSDKShareKit.framework; sourceTree = "<group>"; };
		A522F8EF1DBC52B900451229 /* FacebookVC.swift */ = {isa = PBXFileReference; fileEncoding = 4; lastKnownFileType = sourcecode.swift; path = FacebookVC.swift; sourceTree = "<group>"; };
		A522F9011DBC74DF00451229 /* ProImage-Bridging-Header.h */ = {isa = PBXFileReference; fileEncoding = 4; lastKnownFileType = sourcecode.c.h; path = "ProImage-Bridging-Header.h"; sourceTree = "<group>"; };
		A522F9041DBC78FA00451229 /* Bolts.framework */ = {isa = PBXFileReference; lastKnownFileType = wrapper.framework; path = Bolts.framework; sourceTree = "<group>"; };
		A57A60411DA090B600CB27B8 /* ImageVC.swift */ = {isa = PBXFileReference; fileEncoding = 4; lastKnownFileType = sourcecode.swift; path = ImageVC.swift; sourceTree = "<group>"; };
		A57A60461DA0A76700CB27B8 /* CameraVC.swift */ = {isa = PBXFileReference; fileEncoding = 4; lastKnownFileType = sourcecode.swift; path = CameraVC.swift; sourceTree = "<group>"; };
		A57A60481DA0A7B900CB27B8 /* PhtotoLibraryVC.swift */ = {isa = PBXFileReference; fileEncoding = 4; lastKnownFileType = sourcecode.swift; path = PhtotoLibraryVC.swift; sourceTree = "<group>"; };
		A57A604A1DA0B78700CB27B8 /* PhotoLibraryVCsave.swift */ = {isa = PBXFileReference; fileEncoding = 4; lastKnownFileType = sourcecode.swift; path = PhotoLibraryVCsave.swift; sourceTree = "<group>"; };
		A57A604C1DA0B7CA00CB27B8 /* ChooseLocationVC.swift */ = {isa = PBXFileReference; fileEncoding = 4; lastKnownFileType = sourcecode.swift; path = ChooseLocationVC.swift; sourceTree = "<group>"; };
		A5EFBF3B1D9BA53B00EFE894 /* ProImageUITests.xctest */ = {isa = PBXFileReference; explicitFileType = wrapper.cfbundle; includeInIndex = 0; path = ProImageUITests.xctest; sourceTree = BUILT_PRODUCTS_DIR; };
		A5EFBF3D1D9BA53C00EFE894 /* ProImageUITests.swift */ = {isa = PBXFileReference; lastKnownFileType = sourcecode.swift; path = ProImageUITests.swift; sourceTree = "<group>"; };
		A5EFBF3F1D9BA53C00EFE894 /* Info.plist */ = {isa = PBXFileReference; lastKnownFileType = text.plist.xml; path = Info.plist; sourceTree = "<group>"; };
		A5EFBF491D9BA54700EFE894 /* ProImageTests.xctest */ = {isa = PBXFileReference; explicitFileType = wrapper.cfbundle; includeInIndex = 0; path = ProImageTests.xctest; sourceTree = BUILT_PRODUCTS_DIR; };
		A5EFBF4B1D9BA54700EFE894 /* ProImageTests.swift */ = {isa = PBXFileReference; lastKnownFileType = sourcecode.swift; path = ProImageTests.swift; sourceTree = "<group>"; };
		A5EFBF4D1D9BA54700EFE894 /* Info.plist */ = {isa = PBXFileReference; lastKnownFileType = text.plist.xml; path = Info.plist; sourceTree = "<group>"; };
		CE01E53B1DD7A37B00CE386E /* WebVC.swift */ = {isa = PBXFileReference; fileEncoding = 4; lastKnownFileType = sourcecode.swift; path = WebVC.swift; sourceTree = "<group>"; };
/* End PBXFileReference section */

/* Begin PBXFrameworksBuildPhase section */
		A51265E81D9A3EED00DCABA3 /* Frameworks */ = {
			isa = PBXFrameworksBuildPhase;
			buildActionMask = 2147483647;
			files = (
				CE2F68621DD7D80900983556 /* FBSDKShareKit.framework in Frameworks */,
				CE2F685C1DD7D80900983556 /* Bolts.framework in Frameworks */,
				CE2F68651DD7D81300983556 /* Pods_ProImage.framework in Frameworks */,
				CE2F685E1DD7D80900983556 /* FBSDKCoreKit.framework in Frameworks */,
				CE2F68601DD7D80900983556 /* FBSDKLoginKit.framework in Frameworks */,
			);
			runOnlyForDeploymentPostprocessing = 0;
		};
		A5EFBF381D9BA53B00EFE894 /* Frameworks */ = {
			isa = PBXFrameworksBuildPhase;
			buildActionMask = 2147483647;
			files = (
			);
			runOnlyForDeploymentPostprocessing = 0;
		};
		A5EFBF461D9BA54700EFE894 /* Frameworks */ = {
			isa = PBXFrameworksBuildPhase;
			buildActionMask = 2147483647;
			files = (
			);
			runOnlyForDeploymentPostprocessing = 0;
		};
/* End PBXFrameworksBuildPhase section */

/* Begin PBXGroup section */
		59B13BDD1B561A63D9ADB293 /* Pods */ = {
			isa = PBXGroup;
			children = (
				1A866E227B76ED6B1FC419F6 /* Pods-ProImage.debug.xcconfig */,
				75DE15F113928E28F80C6153 /* Pods-ProImage.release.xcconfig */,
			);
			name = Pods;
			sourceTree = "<group>";
		};
		A51265E21D9A3EED00DCABA3 = {
			isa = PBXGroup;
			children = (
				A51265ED1D9A3EEE00DCABA3 /* ProImage */,
				A5EFBF3C1D9BA53B00EFE894 /* ProImageUITests */,
				A5EFBF4A1D9BA54700EFE894 /* ProImageTests */,
				A51265EC1D9A3EEE00DCABA3 /* Products */,
				59B13BDD1B561A63D9ADB293 /* Pods */,
				FB35F28FC04A0B6ABD57CC78 /* Frameworks */,
			);
			sourceTree = "<group>";
		};
		A51265EC1D9A3EEE00DCABA3 /* Products */ = {
			isa = PBXGroup;
			children = (
				A51265EB1D9A3EEE00DCABA3 /* ProImage.app */,
				A5EFBF3B1D9BA53B00EFE894 /* ProImageUITests.xctest */,
				A5EFBF491D9BA54700EFE894 /* ProImageTests.xctest */,
			);
			name = Products;
			sourceTree = "<group>";
		};
		A51265ED1D9A3EEE00DCABA3 /* ProImage */ = {
			isa = PBXGroup;
			children = (
				A51265F21D9A3EEE00DCABA3 /* Main.storyboard */,
				A57A60411DA090B600CB27B8 /* ImageVC.swift */,
				A522F8E71DBC0F0A00451229 /* ImageV.swift */,
				A534E5201DA9A33400408D86 /* ResourceFiles */,
				A57427F51D9F38BE0087DA35 /* SupportedFiles */,
			);
			path = ProImage;
			sourceTree = "<group>";
		};
		A534E5201DA9A33400408D86 /* ResourceFiles */ = {
			isa = PBXGroup;
			children = (
				A57A60461DA0A76700CB27B8 /* CameraVC.swift */,
				A522F8EF1DBC52B900451229 /* FacebookVC.swift */,
				CE01E53B1DD7A37B00CE386E /* WebVC.swift */,
				A57A60481DA0A7B900CB27B8 /* PhtotoLibraryVC.swift */,
				A57A604A1DA0B78700CB27B8 /* PhotoLibraryVCsave.swift */,
				A57A604C1DA0B7CA00CB27B8 /* ChooseLocationVC.swift */,
				A5208E951DBD7CA00004706A /* GoogleDriveVC.swift */,
			);
			name = ResourceFiles;
			sourceTree = "<group>";
		};
		A57427F51D9F38BE0087DA35 /* SupportedFiles */ = {
			isa = PBXGroup;
			children = (
				A522F8E31DBC0A5B00451229 /* LaunchScreen.storyboard */,
				A51265FD1D9A3EEE00DCABA3 /* Info.plist */,
				A51265F81D9A3EEE00DCABA3 /* Assets.xcassets */,
				A522F9041DBC78FA00451229 /* Bolts.framework */,
				A522F8E91DBC520300451229 /* FBSDKCoreKit.framework */,
				A522F8EA1DBC520400451229 /* FBSDKLoginKit.framework */,
				A522F8EB1DBC520400451229 /* FBSDKShareKit.framework */,
				A51265EE1D9A3EEE00DCABA3 /* AppDelegate.swift */,
				A522F9011DBC74DF00451229 /* ProImage-Bridging-Header.h */,
				A51265F51D9A3EEE00DCABA3 /* ProImage.xcdatamodeld */,
			);
			name = SupportedFiles;
			sourceTree = "<group>";
		};
		A5EFBF3C1D9BA53B00EFE894 /* ProImageUITests */ = {
			isa = PBXGroup;
			children = (
				A5EFBF3D1D9BA53C00EFE894 /* ProImageUITests.swift */,
				A5EFBF3F1D9BA53C00EFE894 /* Info.plist */,
			);
			path = ProImageUITests;
			sourceTree = "<group>";
		};
		A5EFBF4A1D9BA54700EFE894 /* ProImageTests */ = {
			isa = PBXGroup;
			children = (
				A5EFBF4B1D9BA54700EFE894 /* ProImageTests.swift */,
				A5EFBF4D1D9BA54700EFE894 /* Info.plist */,
			);
			path = ProImageTests;
			sourceTree = "<group>";
		};
		FB35F28FC04A0B6ABD57CC78 /* Frameworks */ = {
			isa = PBXGroup;
			children = (
				9ABCF39196E4FD1CBDF5CAC2 /* Pods_ProImage.framework */,
			);
			name = Frameworks;
			sourceTree = "<group>";
		};
/* End PBXGroup section */

/* Begin PBXNativeTarget section */
		A51265EA1D9A3EED00DCABA3 /* ProImage */ = {
			isa = PBXNativeTarget;
			buildConfigurationList = A51266001D9A3EEE00DCABA3 /* Build configuration list for PBXNativeTarget "ProImage" */;
			buildPhases = (
				04497FB5F15D8A1F22BED8B5 /* [CP] Check Pods Manifest.lock */,
				A51265E71D9A3EED00DCABA3 /* Sources */,
				A51265E81D9A3EED00DCABA3 /* Frameworks */,
				A51265E91D9A3EED00DCABA3 /* Resources */,
				6DCADC44D634F0E93D00EBEA /* [CP] Embed Pods Frameworks */,
				8847C63BB3E591F1380B0F87 /* [CP] Copy Pods Resources */,
				CE2F68641DD7D80900983556 /* Embed Frameworks */,
			);
			buildRules = (
			);
			dependencies = (
			);
			name = ProImage;
			productName = ProImage;
			productReference = A51265EB1D9A3EEE00DCABA3 /* ProImage.app */;
			productType = "com.apple.product-type.application";
		};
		A5EFBF3A1D9BA53B00EFE894 /* ProImageUITests */ = {
			isa = PBXNativeTarget;
			buildConfigurationList = A5EFBF441D9BA53C00EFE894 /* Build configuration list for PBXNativeTarget "ProImageUITests" */;
			buildPhases = (
				A5EFBF371D9BA53B00EFE894 /* Sources */,
				A5EFBF381D9BA53B00EFE894 /* Frameworks */,
				A5EFBF391D9BA53B00EFE894 /* Resources */,
			);
			buildRules = (
			);
			dependencies = (
				A5EFBF411D9BA53C00EFE894 /* PBXTargetDependency */,
			);
			name = ProImageUITests;
			productName = ProImageUITests;
			productReference = A5EFBF3B1D9BA53B00EFE894 /* ProImageUITests.xctest */;
			productType = "com.apple.product-type.bundle.ui-testing";
		};
		A5EFBF481D9BA54700EFE894 /* ProImageTests */ = {
			isa = PBXNativeTarget;
			buildConfigurationList = A5EFBF501D9BA54700EFE894 /* Build configuration list for PBXNativeTarget "ProImageTests" */;
			buildPhases = (
				A5EFBF451D9BA54700EFE894 /* Sources */,
				A5EFBF461D9BA54700EFE894 /* Frameworks */,
				A5EFBF471D9BA54700EFE894 /* Resources */,
			);
			buildRules = (
			);
			dependencies = (
				A5EFBF4F1D9BA54700EFE894 /* PBXTargetDependency */,
			);
			name = ProImageTests;
			productName = ProImageTests;
			productReference = A5EFBF491D9BA54700EFE894 /* ProImageTests.xctest */;
			productType = "com.apple.product-type.bundle.unit-test";
		};
/* End PBXNativeTarget section */

/* Begin PBXProject section */
		A51265E31D9A3EED00DCABA3 /* Project object */ = {
			isa = PBXProject;
			attributes = {
				LastSwiftUpdateCheck = 0730;
				LastUpgradeCheck = 0810;
				ORGANIZATIONNAME = "MacBook Owner";
				TargetAttributes = {
					A51265EA1D9A3EED00DCABA3 = {
						CreatedOnToolsVersion = 7.3.1;
						DevelopmentTeam = 7BHCDJ55EZ;
						LastSwiftMigration = 0810;
					};
					A5EFBF3A1D9BA53B00EFE894 = {
						CreatedOnToolsVersion = 7.3.1;
						LastSwiftMigration = 0810;
						TestTargetID = A51265EA1D9A3EED00DCABA3;
					};
					A5EFBF481D9BA54700EFE894 = {
						CreatedOnToolsVersion = 7.3.1;
						LastSwiftMigration = 0810;
						TestTargetID = A51265EA1D9A3EED00DCABA3;
					};
				};
			};
			buildConfigurationList = A51265E61D9A3EED00DCABA3 /* Build configuration list for PBXProject "ProImage" */;
			compatibilityVersion = "Xcode 3.2";
			developmentRegion = English;
			hasScannedForEncodings = 0;
			knownRegions = (
				en,
				Base,
			);
			mainGroup = A51265E21D9A3EED00DCABA3;
			productRefGroup = A51265EC1D9A3EEE00DCABA3 /* Products */;
			projectDirPath = "";
			projectRoot = "";
			targets = (
				A51265EA1D9A3EED00DCABA3 /* ProImage */,
				A5EFBF3A1D9BA53B00EFE894 /* ProImageUITests */,
				A5EFBF481D9BA54700EFE894 /* ProImageTests */,
			);
		};
/* End PBXProject section */

/* Begin PBXResourcesBuildPhase section */
		A51265E91D9A3EED00DCABA3 /* Resources */ = {
			isa = PBXResourcesBuildPhase;
			buildActionMask = 2147483647;
			files = (
				A522F8E41DBC0A5B00451229 /* LaunchScreen.storyboard in Resources */,
				A51265F91D9A3EEE00DCABA3 /* Assets.xcassets in Resources */,
				A51265F41D9A3EEE00DCABA3 /* Main.storyboard in Resources */,
			);
			runOnlyForDeploymentPostprocessing = 0;
		};
		A5EFBF391D9BA53B00EFE894 /* Resources */ = {
			isa = PBXResourcesBuildPhase;
			buildActionMask = 2147483647;
			files = (
			);
			runOnlyForDeploymentPostprocessing = 0;
		};
		A5EFBF471D9BA54700EFE894 /* Resources */ = {
			isa = PBXResourcesBuildPhase;
			buildActionMask = 2147483647;
			files = (
			);
			runOnlyForDeploymentPostprocessing = 0;
		};
/* End PBXResourcesBuildPhase section */

/* Begin PBXShellScriptBuildPhase section */
		04497FB5F15D8A1F22BED8B5 /* [CP] Check Pods Manifest.lock */ = {
			isa = PBXShellScriptBuildPhase;
			buildActionMask = 2147483647;
			files = (
			);
			inputPaths = (
			);
			name = "[CP] Check Pods Manifest.lock";
			outputPaths = (
			);
			runOnlyForDeploymentPostprocessing = 0;
			shellPath = /bin/sh;
			shellScript = "diff \"${PODS_ROOT}/../Podfile.lock\" \"${PODS_ROOT}/Manifest.lock\" > /dev/null\nif [ $? != 0 ] ; then\n    # print error to STDERR\n    echo \"error: The sandbox is not in sync with the Podfile.lock. Run 'pod install' or update your CocoaPods installation.\" >&2\n    exit 1\nfi\n";
			showEnvVarsInLog = 0;
		};
		6DCADC44D634F0E93D00EBEA /* [CP] Embed Pods Frameworks */ = {
			isa = PBXShellScriptBuildPhase;
			buildActionMask = 2147483647;
			files = (
			);
			inputPaths = (
			);
			name = "[CP] Embed Pods Frameworks";
			outputPaths = (
			);
			runOnlyForDeploymentPostprocessing = 0;
			shellPath = /bin/sh;
			shellScript = "\"${SRCROOT}/Pods/Target Support Files/Pods-ProImage/Pods-ProImage-frameworks.sh\"\n";
			showEnvVarsInLog = 0;
		};
		8847C63BB3E591F1380B0F87 /* [CP] Copy Pods Resources */ = {
			isa = PBXShellScriptBuildPhase;
			buildActionMask = 2147483647;
			files = (
			);
			inputPaths = (
			);
			name = "[CP] Copy Pods Resources";
			outputPaths = (
			);
			runOnlyForDeploymentPostprocessing = 0;
			shellPath = /bin/sh;
			shellScript = "\"${SRCROOT}/Pods/Target Support Files/Pods-ProImage/Pods-ProImage-resources.sh\"\n";
			showEnvVarsInLog = 0;
		};
/* End PBXShellScriptBuildPhase section */

/* Begin PBXSourcesBuildPhase section */
		A51265E71D9A3EED00DCABA3 /* Sources */ = {
			isa = PBXSourcesBuildPhase;
			buildActionMask = 2147483647;
			files = (
				A522F8E81DBC0F0A00451229 /* ImageV.swift in Sources */,
				A57A604B1DA0B78700CB27B8 /* PhotoLibraryVCsave.swift in Sources */,
				A57A60491DA0A7B900CB27B8 /* PhtotoLibraryVC.swift in Sources */,
				A51265EF1D9A3EEE00DCABA3 /* AppDelegate.swift in Sources */,
				A5208E961DBD7CA00004706A /* GoogleDriveVC.swift in Sources */,
				A57A604D1DA0B7CA00CB27B8 /* ChooseLocationVC.swift in Sources */,
				A522F8F01DBC52B900451229 /* FacebookVC.swift in Sources */,
				A57A60421DA090B600CB27B8 /* ImageVC.swift in Sources */,
				A57A60471DA0A76700CB27B8 /* CameraVC.swift in Sources */,
				A51265F71D9A3EEE00DCABA3 /* ProImage.xcdatamodeld in Sources */,
				CE01E53C1DD7A37B00CE386E /* WebVC.swift in Sources */,
			);
			runOnlyForDeploymentPostprocessing = 0;
		};
		A5EFBF371D9BA53B00EFE894 /* Sources */ = {
			isa = PBXSourcesBuildPhase;
			buildActionMask = 2147483647;
			files = (
				A5EFBF3E1D9BA53C00EFE894 /* ProImageUITests.swift in Sources */,
			);
			runOnlyForDeploymentPostprocessing = 0;
		};
		A5EFBF451D9BA54700EFE894 /* Sources */ = {
			isa = PBXSourcesBuildPhase;
			buildActionMask = 2147483647;
			files = (
				A5EFBF4C1D9BA54700EFE894 /* ProImageTests.swift in Sources */,
			);
			runOnlyForDeploymentPostprocessing = 0;
		};
/* End PBXSourcesBuildPhase section */

/* Begin PBXTargetDependency section */
		A5EFBF411D9BA53C00EFE894 /* PBXTargetDependency */ = {
			isa = PBXTargetDependency;
			target = A51265EA1D9A3EED00DCABA3 /* ProImage */;
			targetProxy = A5EFBF401D9BA53C00EFE894 /* PBXContainerItemProxy */;
		};
		A5EFBF4F1D9BA54700EFE894 /* PBXTargetDependency */ = {
			isa = PBXTargetDependency;
			target = A51265EA1D9A3EED00DCABA3 /* ProImage */;
			targetProxy = A5EFBF4E1D9BA54700EFE894 /* PBXContainerItemProxy */;
		};
/* End PBXTargetDependency section */

/* Begin PBXVariantGroup section */
		A51265F21D9A3EEE00DCABA3 /* Main.storyboard */ = {
			isa = PBXVariantGroup;
			children = (
				A51265F31D9A3EEE00DCABA3 /* Base */,
			);
			name = Main.storyboard;
			sourceTree = "<group>";
		};
/* End PBXVariantGroup section */

/* Begin XCBuildConfiguration section */
		A51265FE1D9A3EEE00DCABA3 /* Debug */ = {
			isa = XCBuildConfiguration;
			buildSettings = {
				ALWAYS_SEARCH_USER_PATHS = NO;
				CLANG_ANALYZER_NONNULL = YES;
				CLANG_CXX_LANGUAGE_STANDARD = "gnu++0x";
				CLANG_CXX_LIBRARY = "libc++";
				CLANG_ENABLE_MODULES = YES;
				CLANG_ENABLE_OBJC_ARC = YES;
				CLANG_WARN_BOOL_CONVERSION = YES;
				CLANG_WARN_CONSTANT_CONVERSION = YES;
				CLANG_WARN_DIRECT_OBJC_ISA_USAGE = YES_ERROR;
				CLANG_WARN_EMPTY_BODY = YES;
				CLANG_WARN_ENUM_CONVERSION = YES;
				CLANG_WARN_INFINITE_RECURSION = YES;
				CLANG_WARN_INT_CONVERSION = YES;
				CLANG_WARN_OBJC_ROOT_CLASS = YES_ERROR;
				CLANG_WARN_SUSPICIOUS_MOVE = YES;
				CLANG_WARN_UNREACHABLE_CODE = YES;
				CLANG_WARN__DUPLICATE_METHOD_MATCH = YES;
				CODE_SIGN_IDENTITY = "";
				"CODE_SIGN_IDENTITY[sdk=iphoneos*]" = "iPhone Developer";
				COPY_PHASE_STRIP = NO;
				DEBUG_INFORMATION_FORMAT = dwarf;
				ENABLE_STRICT_OBJC_MSGSEND = YES;
				ENABLE_TESTABILITY = YES;
				GCC_C_LANGUAGE_STANDARD = gnu99;
				GCC_DYNAMIC_NO_PIC = NO;
				GCC_NO_COMMON_BLOCKS = YES;
				GCC_OPTIMIZATION_LEVEL = 0;
				GCC_PREPROCESSOR_DEFINITIONS = (
					"DEBUG=1",
					"$(inherited)",
				);
				GCC_WARN_64_TO_32_BIT_CONVERSION = YES;
				GCC_WARN_ABOUT_RETURN_TYPE = YES_ERROR;
				GCC_WARN_UNDECLARED_SELECTOR = YES;
				GCC_WARN_UNINITIALIZED_AUTOS = YES_AGGRESSIVE;
				GCC_WARN_UNUSED_FUNCTION = YES;
				GCC_WARN_UNUSED_VARIABLE = YES;
				IPHONEOS_DEPLOYMENT_TARGET = 9.3;
				MTL_ENABLE_DEBUG_INFO = YES;
				ONLY_ACTIVE_ARCH = YES;
				SDKROOT = iphoneos;
				SWIFT_OPTIMIZATION_LEVEL = "-Onone";
				TARGETED_DEVICE_FAMILY = "1,2";
			};
			name = Debug;
		};
		A51265FF1D9A3EEE00DCABA3 /* Release */ = {
			isa = XCBuildConfiguration;
			buildSettings = {
				ALWAYS_SEARCH_USER_PATHS = NO;
				CLANG_ANALYZER_NONNULL = YES;
				CLANG_CXX_LANGUAGE_STANDARD = "gnu++0x";
				CLANG_CXX_LIBRARY = "libc++";
				CLANG_ENABLE_MODULES = YES;
				CLANG_ENABLE_OBJC_ARC = YES;
				CLANG_WARN_BOOL_CONVERSION = YES;
				CLANG_WARN_CONSTANT_CONVERSION = YES;
				CLANG_WARN_DIRECT_OBJC_ISA_USAGE = YES_ERROR;
				CLANG_WARN_EMPTY_BODY = YES;
				CLANG_WARN_ENUM_CONVERSION = YES;
				CLANG_WARN_INFINITE_RECURSION = YES;
				CLANG_WARN_INT_CONVERSION = YES;
				CLANG_WARN_OBJC_ROOT_CLASS = YES_ERROR;
				CLANG_WARN_SUSPICIOUS_MOVE = YES;
				CLANG_WARN_UNREACHABLE_CODE = YES;
				CLANG_WARN__DUPLICATE_METHOD_MATCH = YES;
				CODE_SIGN_IDENTITY = "";
				"CODE_SIGN_IDENTITY[sdk=iphoneos*]" = "iPhone Developer";
				COPY_PHASE_STRIP = NO;
				DEBUG_INFORMATION_FORMAT = "dwarf-with-dsym";
				ENABLE_NS_ASSERTIONS = NO;
				ENABLE_STRICT_OBJC_MSGSEND = YES;
				GCC_C_LANGUAGE_STANDARD = gnu99;
				GCC_NO_COMMON_BLOCKS = YES;
				GCC_WARN_64_TO_32_BIT_CONVERSION = YES;
				GCC_WARN_ABOUT_RETURN_TYPE = YES_ERROR;
				GCC_WARN_UNDECLARED_SELECTOR = YES;
				GCC_WARN_UNINITIALIZED_AUTOS = YES_AGGRESSIVE;
				GCC_WARN_UNUSED_FUNCTION = YES;
				GCC_WARN_UNUSED_VARIABLE = YES;
				IPHONEOS_DEPLOYMENT_TARGET = 9.3;
				MTL_ENABLE_DEBUG_INFO = NO;
				SDKROOT = iphoneos;
				SWIFT_OPTIMIZATION_LEVEL = "-Owholemodule";
				TARGETED_DEVICE_FAMILY = "1,2";
				VALIDATE_PRODUCT = YES;
			};
			name = Release;
		};
		A51266011D9A3EEE00DCABA3 /* Debug */ = {
			isa = XCBuildConfiguration;
			baseConfigurationReference = 1A866E227B76ED6B1FC419F6 /* Pods-ProImage.debug.xcconfig */;
			buildSettings = {
				ASSETCATALOG_COMPILER_APPICON_NAME = AppIcon;
				CLANG_ENABLE_MODULES = YES;
				DEVELOPMENT_TEAM = 7BHCDJ55EZ;
				FRAMEWORK_SEARCH_PATHS = (
					"$(inherited)",
					"$(PROJECT_DIR)/ProImage",
				);
				INFOPLIST_FILE = ProImage/Info.plist;
				IPHONEOS_DEPLOYMENT_TARGET = 9.1;
				LD_RUNPATH_SEARCH_PATHS = "$(inherited) @executable_path/Frameworks";
				PRODUCT_BUNDLE_IDENTIFIER = edu.sjsu.ProImage;
				PRODUCT_NAME = "$(TARGET_NAME)";
				SWIFT_OBJC_BRIDGING_HEADER = "ProImage/ProImage-Bridging-Header.h";
				SWIFT_OPTIMIZATION_LEVEL = "-Onone";
				SWIFT_VERSION = 2.3;
				TARGETED_DEVICE_FAMILY = 1;
			};
			name = Debug;
		};
		A51266021D9A3EEE00DCABA3 /* Release */ = {
			isa = XCBuildConfiguration;
			baseConfigurationReference = 75DE15F113928E28F80C6153 /* Pods-ProImage.release.xcconfig */;
			buildSettings = {
				ASSETCATALOG_COMPILER_APPICON_NAME = AppIcon;
				CLANG_ENABLE_MODULES = YES;
				DEVELOPMENT_TEAM = 7BHCDJ55EZ;
				FRAMEWORK_SEARCH_PATHS = (
					"$(inherited)",
					"$(PROJECT_DIR)/ProImage",
				);
				INFOPLIST_FILE = ProImage/Info.plist;
				IPHONEOS_DEPLOYMENT_TARGET = 9.1;
				LD_RUNPATH_SEARCH_PATHS = "$(inherited) @executable_path/Frameworks";
				PRODUCT_BUNDLE_IDENTIFIER = edu.sjsu.ProImage;
				PRODUCT_NAME = "$(TARGET_NAME)";
				SWIFT_OBJC_BRIDGING_HEADER = "ProImage/ProImage-Bridging-Header.h";
				SWIFT_VERSION = 2.3;
				TARGETED_DEVICE_FAMILY = 1;
			};
			name = Release;
		};
		A5EFBF421D9BA53C00EFE894 /* Debug */ = {
			isa = XCBuildConfiguration;
			buildSettings = {
				INFOPLIST_FILE = ProImageUITests/Info.plist;
				LD_RUNPATH_SEARCH_PATHS = "$(inherited) @executable_path/Frameworks @loader_path/Frameworks";
				PRODUCT_BUNDLE_IDENTIFIER = edu.sjsu.ProImageUITests;
				PRODUCT_NAME = "$(TARGET_NAME)";
				SWIFT_VERSION = 2.3;
				TEST_TARGET_NAME = ProImage;
			};
			name = Debug;
		};
		A5EFBF431D9BA53C00EFE894 /* Release */ = {
			isa = XCBuildConfiguration;
			buildSettings = {
				INFOPLIST_FILE = ProImageUITests/Info.plist;
				LD_RUNPATH_SEARCH_PATHS = "$(inherited) @executable_path/Frameworks @loader_path/Frameworks";
				PRODUCT_BUNDLE_IDENTIFIER = edu.sjsu.ProImageUITests;
				PRODUCT_NAME = "$(TARGET_NAME)";
				SWIFT_VERSION = 2.3;
				TEST_TARGET_NAME = ProImage;
			};
			name = Release;
		};
		A5EFBF511D9BA54700EFE894 /* Debug */ = {
			isa = XCBuildConfiguration;
			buildSettings = {
				INFOPLIST_FILE = ProImageTests/Info.plist;
				LD_RUNPATH_SEARCH_PATHS = "$(inherited) @executable_path/Frameworks @loader_path/Frameworks";
				PRODUCT_BUNDLE_IDENTIFIER = edu.sjsu.ProImageTests;
				PRODUCT_NAME = "$(TARGET_NAME)";
				SWIFT_VERSION = 2.3;
				TEST_HOST = "$(BUILT_PRODUCTS_DIR)/ProImage.app/ProImage";
			};
			name = Debug;
		};
		A5EFBF521D9BA54700EFE894 /* Release */ = {
			isa = XCBuildConfiguration;
			buildSettings = {
				INFOPLIST_FILE = ProImageTests/Info.plist;
				LD_RUNPATH_SEARCH_PATHS = "$(inherited) @executable_path/Frameworks @loader_path/Frameworks";
				PRODUCT_BUNDLE_IDENTIFIER = edu.sjsu.ProImageTests;
				PRODUCT_NAME = "$(TARGET_NAME)";
				SWIFT_VERSION = 2.3;
				TEST_HOST = "$(BUILT_PRODUCTS_DIR)/ProImage.app/ProImage";
			};
			name = Release;
		};
/* End XCBuildConfiguration section */

/* Begin XCConfigurationList section */
		A51265E61D9A3EED00DCABA3 /* Build configuration list for PBXProject "ProImage" */ = {
			isa = XCConfigurationList;
			buildConfigurations = (
				A51265FE1D9A3EEE00DCABA3 /* Debug */,
				A51265FF1D9A3EEE00DCABA3 /* Release */,
			);
			defaultConfigurationIsVisible = 0;
			defaultConfigurationName = Release;
		};
		A51266001D9A3EEE00DCABA3 /* Build configuration list for PBXNativeTarget "ProImage" */ = {
			isa = XCConfigurationList;
			buildConfigurations = (
				A51266011D9A3EEE00DCABA3 /* Debug */,
				A51266021D9A3EEE00DCABA3 /* Release */,
			);
			defaultConfigurationIsVisible = 0;
			defaultConfigurationName = Release;
		};
		A5EFBF441D9BA53C00EFE894 /* Build configuration list for PBXNativeTarget "ProImageUITests" */ = {
			isa = XCConfigurationList;
			buildConfigurations = (
				A5EFBF421D9BA53C00EFE894 /* Debug */,
				A5EFBF431D9BA53C00EFE894 /* Release */,
			);
			defaultConfigurationIsVisible = 0;
			defaultConfigurationName = Release;
		};
		A5EFBF501D9BA54700EFE894 /* Build configuration list for PBXNativeTarget "ProImageTests" */ = {
			isa = XCConfigurationList;
			buildConfigurations = (
				A5EFBF511D9BA54700EFE894 /* Debug */,
				A5EFBF521D9BA54700EFE894 /* Release */,
			);
			defaultConfigurationIsVisible = 0;
			defaultConfigurationName = Release;
		};
/* End XCConfigurationList section */

/* Begin XCVersionGroup section */
		A51265F51D9A3EEE00DCABA3 /* ProImage.xcdatamodeld */ = {
			isa = XCVersionGroup;
			children = (
				A51265F61D9A3EEE00DCABA3 /* ProImage.xcdatamodel */,
			);
			currentVersion = A51265F61D9A3EEE00DCABA3 /* ProImage.xcdatamodel */;
			path = ProImage.xcdatamodeld;
			sourceTree = "<group>";
			versionGroupType = wrapper.xcdatamodel;
		};
/* End XCVersionGroup section */
	};
	rootObject = A51265E31D9A3EED00DCABA3 /* Project object */;
}
